// !$*UTF8*$!
{
	archiveVersion = 1;
	classes = {
	};
	objectVersion = 55;
	objects = {

/* Begin PBXBuildFile section */
		5524ED70282C5BC80037BFD4 /* AppDelegate.swift in Sources */ = {isa = PBXBuildFile; fileRef = 5524ED6F282C5BC80037BFD4 /* AppDelegate.swift */; };
		5524ED72282C5BC80037BFD4 /* SceneDelegate.swift in Sources */ = {isa = PBXBuildFile; fileRef = 5524ED71282C5BC80037BFD4 /* SceneDelegate.swift */; };
		5524ED74282C5BC80037BFD4 /* ViewController.swift in Sources */ = {isa = PBXBuildFile; fileRef = 5524ED73282C5BC80037BFD4 /* ViewController.swift */; };
		5524ED77282C5BC80037BFD4 /* Main.storyboard in Resources */ = {isa = PBXBuildFile; fileRef = 5524ED75282C5BC80037BFD4 /* Main.storyboard */; };
		5524ED79282C5BCD0037BFD4 /* Assets.xcassets in Resources */ = {isa = PBXBuildFile; fileRef = 5524ED78282C5BCD0037BFD4 /* Assets.xcassets */; };
		5524ED7C282C5BCD0037BFD4 /* LaunchScreen.storyboard in Resources */ = {isa = PBXBuildFile; fileRef = 5524ED7A282C5BCD0037BFD4 /* LaunchScreen.storyboard */; };
		5524ED87282C5BCD0037BFD4 /* quiz_appTests.swift in Sources */ = {isa = PBXBuildFile; fileRef = 5524ED86282C5BCD0037BFD4 /* quiz_appTests.swift */; };
		5524ED91282C5BCD0037BFD4 /* quiz_appUITests.swift in Sources */ = {isa = PBXBuildFile; fileRef = 5524ED90282C5BCD0037BFD4 /* quiz_appUITests.swift */; };
		5524ED93282C5BCD0037BFD4 /* quiz_appUITestsLaunchTests.swift in Sources */ = {isa = PBXBuildFile; fileRef = 5524ED92282C5BCD0037BFD4 /* quiz_appUITestsLaunchTests.swift */; };
/* End PBXBuildFile section */

/* Begin PBXContainerItemProxy section */
		5524ED83282C5BCD0037BFD4 /* PBXContainerItemProxy */ = {
			isa = PBXContainerItemProxy;
			containerPortal = 5524ED64282C5BC80037BFD4 /* Project object */;
			proxyType = 1;
			remoteGlobalIDString = 5524ED6B282C5BC80037BFD4;
			remoteInfo = quiz_app;
		};
		5524ED8D282C5BCD0037BFD4 /* PBXContainerItemProxy */ = {
			isa = PBXContainerItemProxy;
			containerPortal = 5524ED64282C5BC80037BFD4 /* Project object */;
			proxyType = 1;
			remoteGlobalIDString = 5524ED6B282C5BC80037BFD4;
			remoteInfo = quiz_app;
		};
/* End PBXContainerItemProxy section */

/* Begin PBXFileReference section */
		5524ED6C282C5BC80037BFD4 /* quiz_app.app */ = {isa = PBXFileReference; explicitFileType = wrapper.application; includeInIndex = 0; path = quiz_app.app; sourceTree = BUILT_PRODUCTS_DIR; };
		5524ED6F282C5BC80037BFD4 /* AppDelegate.swift */ = {isa = PBXFileReference; lastKnownFileType = sourcecode.swift; path = AppDelegate.swift; sourceTree = "<group>"; };
		5524ED71282C5BC80037BFD4 /* SceneDelegate.swift */ = {isa = PBXFileReference; lastKnownFileType = sourcecode.swift; path = SceneDelegate.swift; sourceTree = "<group>"; };
		5524ED73282C5BC80037BFD4 /* ViewController.swift */ = {isa = PBXFileReference; lastKnownFileType = sourcecode.swift; path = ViewController.swift; sourceTree = "<group>"; };
		5524ED76282C5BC80037BFD4 /* Base */ = {isa = PBXFileReference; lastKnownFileType = file.storyboard; name = Base; path = Base.lproj/Main.storyboard; sourceTree = "<group>"; };
		5524ED78282C5BCD0037BFD4 /* Assets.xcassets */ = {isa = PBXFileReference; lastKnownFileType = folder.assetcatalog; path = Assets.xcassets; sourceTree = "<group>"; };
		5524ED7B282C5BCD0037BFD4 /* Base */ = {isa = PBXFileReference; lastKnownFileType = file.storyboard; name = Base; path = Base.lproj/LaunchScreen.storyboard; sourceTree = "<group>"; };
		5524ED7D282C5BCD0037BFD4 /* Info.plist */ = {isa = PBXFileReference; lastKnownFileType = text.plist.xml; path = Info.plist; sourceTree = "<group>"; };
		5524ED82282C5BCD0037BFD4 /* quiz_appTests.xctest */ = {isa = PBXFileReference; explicitFileType = wrapper.cfbundle; includeInIndex = 0; path = quiz_appTests.xctest; sourceTree = BUILT_PRODUCTS_DIR; };
		5524ED86282C5BCD0037BFD4 /* quiz_appTests.swift */ = {isa = PBXFileReference; lastKnownFileType = sourcecode.swift; path = quiz_appTests.swift; sourceTree = "<group>"; };
		5524ED8C282C5BCD0037BFD4 /* quiz_appUITests.xctest */ = {isa = PBXFileReference; explicitFileType = wrapper.cfbundle; includeInIndex = 0; path = quiz_appUITests.xctest; sourceTree = BUILT_PRODUCTS_DIR; };
		5524ED90282C5BCD0037BFD4 /* quiz_appUITests.swift */ = {isa = PBXFileReference; lastKnownFileType = sourcecode.swift; path = quiz_appUITests.swift; sourceTree = "<group>"; };
		5524ED92282C5BCD0037BFD4 /* quiz_appUITestsLaunchTests.swift */ = {isa = PBXFileReference; lastKnownFileType = sourcecode.swift; path = quiz_appUITestsLaunchTests.swift; sourceTree = "<group>"; };
/* End PBXFileReference section */

/* Begin PBXFrameworksBuildPhase section */
		5524ED69282C5BC80037BFD4 /* Frameworks */ = {
			isa = PBXFrameworksBuildPhase;
			buildActionMask = 2147483647;
			files = (
			);
			runOnlyForDeploymentPostprocessing = 0;
		};
		5524ED7F282C5BCD0037BFD4 /* Frameworks */ = {
			isa = PBXFrameworksBuildPhase;
			buildActionMask = 2147483647;
			files = (
			);
			runOnlyForDeploymentPostprocessing = 0;
		};
		5524ED89282C5BCD0037BFD4 /* Frameworks */ = {
			isa = PBXFrameworksBuildPhase;
			buildActionMask = 2147483647;
			files = (
			);
			runOnlyForDeploymentPostprocessing = 0;
		};
/* End PBXFrameworksBuildPhase section */

/* Begin PBXGroup section */
		5524ED63282C5BC80037BFD4 = {
			isa = PBXGroup;
			children = (
				5524ED6E282C5BC80037BFD4 /* quiz_app */,
				5524ED85282C5BCD0037BFD4 /* quiz_appTests */,
				5524ED8F282C5BCD0037BFD4 /* quiz_appUITests */,
				5524ED6D282C5BC80037BFD4 /* Products */,
			);
			sourceTree = "<group>";
		};
		5524ED6D282C5BC80037BFD4 /* Products */ = {
			isa = PBXGroup;
			children = (
				5524ED6C282C5BC80037BFD4 /* quiz_app.app */,
				5524ED82282C5BCD0037BFD4 /* quiz_appTests.xctest */,
				5524ED8C282C5BCD0037BFD4 /* quiz_appUITests.xctest */,
			);
			name = Products;
			sourceTree = "<group>";
		};
		5524ED6E282C5BC80037BFD4 /* quiz_app */ = {
			isa = PBXGroup;
			children = (
				5524ED6F282C5BC80037BFD4 /* AppDelegate.swift */,
				5524ED71282C5BC80037BFD4 /* SceneDelegate.swift */,
				5524ED73282C5BC80037BFD4 /* ViewController.swift */,
				5524ED75282C5BC80037BFD4 /* Main.storyboard */,
				5524ED78282C5BCD0037BFD4 /* Assets.xcassets */,
				5524ED7A282C5BCD0037BFD4 /* LaunchScreen.storyboard */,
				5524ED7D282C5BCD0037BFD4 /* Info.plist */,
			);
			path = quiz_app;
			sourceTree = "<group>";
		};
		5524ED85282C5BCD0037BFD4 /* quiz_appTests */ = {
			isa = PBXGroup;
			children = (
				5524ED86282C5BCD0037BFD4 /* quiz_appTests.swift */,
			);
			path = quiz_appTests;
			sourceTree = "<group>";
		};
		5524ED8F282C5BCD0037BFD4 /* quiz_appUITests */ = {
			isa = PBXGroup;
			children = (
				5524ED90282C5BCD0037BFD4 /* quiz_appUITests.swift */,
				5524ED92282C5BCD0037BFD4 /* quiz_appUITestsLaunchTests.swift */,
			);
			path = quiz_appUITests;
			sourceTree = "<group>";
		};
/* End PBXGroup section */

/* Begin PBXNativeTarget section */
		5524ED6B282C5BC80037BFD4 /* quiz_app */ = {
			isa = PBXNativeTarget;
			buildConfigurationList = 5524ED96282C5BCD0037BFD4 /* Build configuration list for PBXNativeTarget "quiz_app" */;
			buildPhases = (
				5524ED68282C5BC80037BFD4 /* Sources */,
				5524ED69282C5BC80037BFD4 /* Frameworks */,
				5524ED6A282C5BC80037BFD4 /* Resources */,
			);
			buildRules = (
			);
			dependencies = (
			);
			name = quiz_app;
			productName = quiz_app;
			productReference = 5524ED6C282C5BC80037BFD4 /* quiz_app.app */;
			productType = "com.apple.product-type.application";
		};
		5524ED81282C5BCD0037BFD4 /* quiz_appTests */ = {
			isa = PBXNativeTarget;
			buildConfigurationList = 5524ED99282C5BCD0037BFD4 /* Build configuration list for PBXNativeTarget "quiz_appTests" */;
			buildPhases = (
				5524ED7E282C5BCD0037BFD4 /* Sources */,
				5524ED7F282C5BCD0037BFD4 /* Frameworks */,
				5524ED80282C5BCD0037BFD4 /* Resources */,
			);
			buildRules = (
			);
			dependencies = (
				5524ED84282C5BCD0037BFD4 /* PBXTargetDependency */,
			);
			name = quiz_appTests;
			productName = quiz_appTests;
			productReference = 5524ED82282C5BCD0037BFD4 /* quiz_appTests.xctest */;
			productType = "com.apple.product-type.bundle.unit-test";
		};
		5524ED8B282C5BCD0037BFD4 /* quiz_appUITests */ = {
			isa = PBXNativeTarget;
			buildConfigurationList = 5524ED9C282C5BCD0037BFD4 /* Build configuration list for PBXNativeTarget "quiz_appUITests" */;
			buildPhases = (
				5524ED88282C5BCD0037BFD4 /* Sources */,
				5524ED89282C5BCD0037BFD4 /* Frameworks */,
				5524ED8A282C5BCD0037BFD4 /* Resources */,
			);
			buildRules = (
			);
			dependencies = (
				5524ED8E282C5BCD0037BFD4 /* PBXTargetDependency */,
			);
			name = quiz_appUITests;
			productName = quiz_appUITests;
			productReference = 5524ED8C282C5BCD0037BFD4 /* quiz_appUITests.xctest */;
			productType = "com.apple.product-type.bundle.ui-testing";
		};
/* End PBXNativeTarget section */

/* Begin PBXProject section */
		5524ED64282C5BC80037BFD4 /* Project object */ = {
			isa = PBXProject;
			attributes = {
				BuildIndependentTargetsInParallel = 1;
				LastSwiftUpdateCheck = 1310;
				LastUpgradeCheck = 1310;
				TargetAttributes = {
					5524ED6B282C5BC80037BFD4 = {
						CreatedOnToolsVersion = 13.1;
					};
					5524ED81282C5BCD0037BFD4 = {
						CreatedOnToolsVersion = 13.1;
						TestTargetID = 5524ED6B282C5BC80037BFD4;
					};
					5524ED8B282C5BCD0037BFD4 = {
						CreatedOnToolsVersion = 13.1;
						TestTargetID = 5524ED6B282C5BC80037BFD4;
					};
				};
			};
			buildConfigurationList = 5524ED67282C5BC80037BFD4 /* Build configuration list for PBXProject "quiz_app" */;
			compatibilityVersion = "Xcode 13.0";
			developmentRegion = en;
			hasScannedForEncodings = 0;
			knownRegions = (
				en,
				Base,
			);
			mainGroup = 5524ED63282C5BC80037BFD4;
			productRefGroup = 5524ED6D282C5BC80037BFD4 /* Products */;
			projectDirPath = "";
			projectRoot = "";
			targets = (
				5524ED6B282C5BC80037BFD4 /* quiz_app */,
				5524ED81282C5BCD0037BFD4 /* quiz_appTests */,
				5524ED8B282C5BCD0037BFD4 /* quiz_appUITests */,
			);
		};
/* End PBXProject section */

/* Begin PBXResourcesBuildPhase section */
		5524ED6A282C5BC80037BFD4 /* Resources */ = {
			isa = PBXResourcesBuildPhase;
			buildActionMask = 2147483647;
			files = (
				5524ED7C282C5BCD0037BFD4 /* LaunchScreen.storyboard in Resources */,
				5524ED79282C5BCD0037BFD4 /* Assets.xcassets in Resources */,
				5524ED77282C5BC80037BFD4 /* Main.storyboard in Resources */,
			);
			runOnlyForDeploymentPostprocessing = 0;
		};
		5524ED80282C5BCD0037BFD4 /* Resources */ = {
			isa = PBXResourcesBuildPhase;
			buildActionMask = 2147483647;
			files = (
			);
			runOnlyForDeploymentPostprocessing = 0;
		};
		5524ED8A282C5BCD0037BFD4 /* Resources */ = {
			isa = PBXResourcesBuildPhase;
			buildActionMask = 2147483647;
			files = (
			);
			runOnlyForDeploymentPostprocessing = 0;
		};
/* End PBXResourcesBuildPhase section */

/* Begin PBXSourcesBuildPhase section */
		5524ED68282C5BC80037BFD4 /* Sources */ = {
			isa = PBXSourcesBuildPhase;
			buildActionMask = 2147483647;
			files = (
				5524ED74282C5BC80037BFD4 /* ViewController.swift in Sources */,
				5524ED70282C5BC80037BFD4 /* AppDelegate.swift in Sources */,
				5524ED72282C5BC80037BFD4 /* SceneDelegate.swift in Sources */,
			);
			runOnlyForDeploymentPostprocessing = 0;
		};
		5524ED7E282C5BCD0037BFD4 /* Sources */ = {
			isa = PBXSourcesBuildPhase;
			buildActionMask = 2147483647;
			files = (
				5524ED87282C5BCD0037BFD4 /* quiz_appTests.swift in Sources */,
			);
			runOnlyForDeploymentPostprocessing = 0;
		};
		5524ED88282C5BCD0037BFD4 /* Sources */ = {
			isa = PBXSourcesBuildPhase;
			buildActionMask = 2147483647;
			files = (
				5524ED93282C5BCD0037BFD4 /* quiz_appUITestsLaunchTests.swift in Sources */,
				5524ED91282C5BCD0037BFD4 /* quiz_appUITests.swift in Sources */,
			);
			runOnlyForDeploymentPostprocessing = 0;
		};
/* End PBXSourcesBuildPhase section */

/* Begin PBXTargetDependency section */
		5524ED84282C5BCD0037BFD4 /* PBXTargetDependency */ = {
			isa = PBXTargetDependency;
			target = 5524ED6B282C5BC80037BFD4 /* quiz_app */;
			targetProxy = 5524ED83282C5BCD0037BFD4 /* PBXContainerItemProxy */;
		};
		5524ED8E282C5BCD0037BFD4 /* PBXTargetDependency */ = {
			isa = PBXTargetDependency;
			target = 5524ED6B282C5BC80037BFD4 /* quiz_app */;
			targetProxy = 5524ED8D282C5BCD0037BFD4 /* PBXContainerItemProxy */;
		};
/* End PBXTargetDependency section */

/* Begin PBXVariantGroup section */
		5524ED75282C5BC80037BFD4 /* Main.storyboard */ = {
			isa = PBXVariantGroup;
			children = (
				5524ED76282C5BC80037BFD4 /* Base */,
			);
			name = Main.storyboard;
			sourceTree = "<group>";
		};
		5524ED7A282C5BCD0037BFD4 /* LaunchScreen.storyboard */ = {
			isa = PBXVariantGroup;
			children = (
				5524ED7B282C5BCD0037BFD4 /* Base */,
			);
			name = LaunchScreen.storyboard;
			sourceTree = "<group>";
		};
/* End PBXVariantGroup section */

/* Begin XCBuildConfiguration section */
		5524ED94282C5BCD0037BFD4 /* Debug */ = {
			isa = XCBuildConfiguration;
			buildSettings = {
				ALWAYS_SEARCH_USER_PATHS = NO;
				CLANG_ANALYZER_NONNULL = YES;
				CLANG_ANALYZER_NUMBER_OBJECT_CONVERSION = YES_AGGRESSIVE;
				CLANG_CXX_LANGUAGE_STANDARD = "gnu++17";
				CLANG_CXX_LIBRARY = "libc++";
				CLANG_ENABLE_MODULES = YES;
				CLANG_ENABLE_OBJC_ARC = YES;
				CLANG_ENABLE_OBJC_WEAK = YES;
				CLANG_WARN_BLOCK_CAPTURE_AUTORELEASING = YES;
				CLANG_WARN_BOOL_CONVERSION = YES;
				CLANG_WARN_COMMA = YES;
				CLANG_WARN_CONSTANT_CONVERSION = YES;
				CLANG_WARN_DEPRECATED_OBJC_IMPLEMENTATIONS = YES;
				CLANG_WARN_DIRECT_OBJC_ISA_USAGE = YES_ERROR;
				CLANG_WARN_DOCUMENTATION_COMMENTS = YES;
				CLANG_WARN_EMPTY_BODY = YES;
				CLANG_WARN_ENUM_CONVERSION = YES;
				CLANG_WARN_INFINITE_RECURSION = YES;
				CLANG_WARN_INT_CONVERSION = YES;
				CLANG_WARN_NON_LITERAL_NULL_CONVERSION = YES;
				CLANG_WARN_OBJC_IMPLICIT_RETAIN_SELF = YES;
				CLANG_WARN_OBJC_LITERAL_CONVERSION = YES;
				CLANG_WARN_OBJC_ROOT_CLASS = YES_ERROR;
				CLANG_WARN_QUOTED_INCLUDE_IN_FRAMEWORK_HEADER = YES;
				CLANG_WARN_RANGE_LOOP_ANALYSIS = YES;
				CLANG_WARN_STRICT_PROTOTYPES = YES;
				CLANG_WARN_SUSPICIOUS_MOVE = YES;
				CLANG_WARN_UNGUARDED_AVAILABILITY = YES_AGGRESSIVE;
				CLANG_WARN_UNREACHABLE_CODE = YES;
				CLANG_WARN__DUPLICATE_METHOD_MATCH = YES;
				COPY_PHASE_STRIP = NO;
				DEBUG_INFORMATION_FORMAT = dwarf;
				ENABLE_STRICT_OBJC_MSGSEND = YES;
				ENABLE_TESTABILITY = YES;
				GCC_C_LANGUAGE_STANDARD = gnu11;
				GCC_DYNAMIC_NO_PIC = NO;
				GCC_NO_COMMON_BLOCKS = YES;
				GCC_OPTIMIZATION_LEVEL = 0;
				GCC_PREPROCESSOR_DEFINITIONS = (
					"DEBUG=1",
					"$(inherited)",
				);
				GCC_WARN_64_TO_32_BIT_CONVERSION = YES;
				GCC_WARN_ABOUT_RETURN_TYPE = YES_ERROR;
				GCC_WARN_UNDECLARED_SELECTOR = YES;
				GCC_WARN_UNINITIALIZED_AUTOS = YES_AGGRESSIVE;
				GCC_WARN_UNUSED_FUNCTION = YES;
				GCC_WARN_UNUSED_VARIABLE = YES;
				IPHONEOS_DEPLOYMENT_TARGET = 15.0;
				MTL_ENABLE_DEBUG_INFO = INCLUDE_SOURCE;
				MTL_FAST_MATH = YES;
				ONLY_ACTIVE_ARCH = YES;
				SDKROOT = iphoneos;
				SWIFT_ACTIVE_COMPILATION_CONDITIONS = DEBUG;
				SWIFT_OPTIMIZATION_LEVEL = "-Onone";
			};
			name = Debug;
		};
		5524ED95282C5BCD0037BFD4 /* Release */ = {
			isa = XCBuildConfiguration;
			buildSettings = {
				ALWAYS_SEARCH_USER_PATHS = NO;
				CLANG_ANALYZER_NONNULL = YES;
				CLANG_ANALYZER_NUMBER_OBJECT_CONVERSION = YES_AGGRESSIVE;
				CLANG_CXX_LANGUAGE_STANDARD = "gnu++17";
				CLANG_CXX_LIBRARY = "libc++";
				CLANG_ENABLE_MODULES = YES;
				CLANG_ENABLE_OBJC_ARC = YES;
				CLANG_ENABLE_OBJC_WEAK = YES;
				CLANG_WARN_BLOCK_CAPTURE_AUTORELEASING = YES;
				CLANG_WARN_BOOL_CONVERSION = YES;
				CLANG_WARN_COMMA = YES;
				CLANG_WARN_CONSTANT_CONVERSION = YES;
				CLANG_WARN_DEPRECATED_OBJC_IMPLEMENTATIONS = YES;
				CLANG_WARN_DIRECT_OBJC_ISA_USAGE = YES_ERROR;
				CLANG_WARN_DOCUMENTATION_COMMENTS = YES;
				CLANG_WARN_EMPTY_BODY = YES;
				CLANG_WARN_ENUM_CONVERSION = YES;
				CLANG_WARN_INFINITE_RECURSION = YES;
				CLANG_WARN_INT_CONVERSION = YES;
				CLANG_WARN_NON_LITERAL_NULL_CONVERSION = YES;
				CLANG_WARN_OBJC_IMPLICIT_RETAIN_SELF = YES;
				CLANG_WARN_OBJC_LITERAL_CONVERSION = YES;
				CLANG_WARN_OBJC_ROOT_CLASS = YES_ERROR;
				CLANG_WARN_QUOTED_INCLUDE_IN_FRAMEWORK_HEADER = YES;
				CLANG_WARN_RANGE_LOOP_ANALYSIS = YES;
				CLANG_WARN_STRICT_PROTOTYPES = YES;
				CLANG_WARN_SUSPICIOUS_MOVE = YES;
				CLANG_WARN_UNGUARDED_AVAILABILITY = YES_AGGRESSIVE;
				CLANG_WARN_UNREACHABLE_CODE = YES;
				CLANG_WARN__DUPLICATE_METHOD_MATCH = YES;
				COPY_PHASE_STRIP = NO;
				DEBUG_INFORMATION_FORMAT = "dwarf-with-dsym";
				ENABLE_NS_ASSERTIONS = NO;
				ENABLE_STRICT_OBJC_MSGSEND = YES;
				GCC_C_LANGUAGE_STANDARD = gnu11;
				GCC_NO_COMMON_BLOCKS = YES;
				GCC_WARN_64_TO_32_BIT_CONVERSION = YES;
				GCC_WARN_ABOUT_RETURN_TYPE = YES_ERROR;
				GCC_WARN_UNDECLARED_SELECTOR = YES;
				GCC_WARN_UNINITIALIZED_AUTOS = YES_AGGRESSIVE;
				GCC_WARN_UNUSED_FUNCTION = YES;
				GCC_WARN_UNUSED_VARIABLE = YES;
				IPHONEOS_DEPLOYMENT_TARGET = 15.0;
				MTL_ENABLE_DEBUG_INFO = NO;
				MTL_FAST_MATH = YES;
				SDKROOT = iphoneos;
				SWIFT_COMPILATION_MODE = wholemodule;
				SWIFT_OPTIMIZATION_LEVEL = "-O";
				VALIDATE_PRODUCT = YES;
			};
			name = Release;
		};
		5524ED97282C5BCD0037BFD4 /* Debug */ = {
			isa = XCBuildConfiguration;
			buildSettings = {
				ASSETCATALOG_COMPILER_APPICON_NAME = AppIcon;
				ASSETCATALOG_COMPILER_GLOBAL_ACCENT_COLOR_NAME = AccentColor;
				CODE_SIGN_STYLE = Automatic;
				CURRENT_PROJECT_VERSION = 1;
				DEVELOPMENT_TEAM = C7WS7FG6DD;
				GENERATE_INFOPLIST_FILE = YES;
				INFOPLIST_FILE = quiz_app/Info.plist;
				INFOPLIST_KEY_UIApplicationSupportsIndirectInputEvents = YES;
				INFOPLIST_KEY_UILaunchStoryboardName = LaunchScreen;
				INFOPLIST_KEY_UIMainStoryboardFile = Main;
				INFOPLIST_KEY_UISupportedInterfaceOrientations_iPad = "UIInterfaceOrientationPortrait UIInterfaceOrientationPortraitUpsideDown UIInterfaceOrientationLandscapeLeft UIInterfaceOrientationLandscapeRight";
				INFOPLIST_KEY_UISupportedInterfaceOrientations_iPhone = "UIInterfaceOrientationPortrait UIInterfaceOrientationLandscapeLeft UIInterfaceOrientationLandscapeRight";
				LD_RUNPATH_SEARCH_PATHS = (
					"$(inherited)",
					"@executable_path/Frameworks",
				);
				MARKETING_VERSION = 1.0;
				PRODUCT_BUNDLE_IDENTIFIER = "com.maryangel.quiz-app";
				PRODUCT_NAME = "$(TARGET_NAME)";
				SWIFT_EMIT_LOC_STRINGS = YES;
				SWIFT_VERSION = 5.0;
				TARGETED_DEVICE_FAMILY = "1,2";
			};
			name = Debug;
		};
		5524ED98282C5BCD0037BFD4 /* Release */ = {
			isa = XCBuildConfiguration;
			buildSettings = {
				ASSETCATALOG_COMPILER_APPICON_NAME = AppIcon;
				ASSETCATALOG_COMPILER_GLOBAL_ACCENT_COLOR_NAME = AccentColor;
				CODE_SIGN_STYLE = Automatic;
				CURRENT_PROJECT_VERSION = 1;
				DEVELOPMENT_TEAM = C7WS7FG6DD;
				GENERATE_INFOPLIST_FILE = YES;
				INFOPLIST_FILE = quiz_app/Info.plist;
				INFOPLIST_KEY_UIApplicationSupportsIndirectInputEvents = YES;
				INFOPLIST_KEY_UILaunchStoryboardName = LaunchScreen;
				INFOPLIST_KEY_UIMainStoryboardFile = Main;
				INFOPLIST_KEY_UISupportedInterfaceOrientations_iPad = "UIInterfaceOrientationPortrait UIInterfaceOrientationPortraitUpsideDown UIInterfaceOrientationLandscapeLeft UIInterfaceOrientationLandscapeRight";
				INFOPLIST_KEY_UISupportedInterfaceOrientations_iPhone = "UIInterfaceOrientationPortrait UIInterfaceOrientationLandscapeLeft UIInterfaceOrientationLandscapeRight";
				LD_RUNPATH_SEARCH_PATHS = (
					"$(inherited)",
					"@executable_path/Frameworks",
				);
				MARKETING_VERSION = 1.0;
				PRODUCT_BUNDLE_IDENTIFIER = "com.maryangel.quiz-app";
				PRODUCT_NAME = "$(TARGET_NAME)";
				SWIFT_EMIT_LOC_STRINGS = YES;
				SWIFT_VERSION = 5.0;
				TARGETED_DEVICE_FAMILY = "1,2";
			};
			name = Release;
		};
		5524ED9A282C5BCD0037BFD4 /* Debug */ = {
			isa = XCBuildConfiguration;
			buildSettings = {
				ALWAYS_EMBED_SWIFT_STANDARD_LIBRARIES = YES;
				BUNDLE_LOADER = "$(TEST_HOST)";
				CODE_SIGN_STYLE = Automatic;
				CURRENT_PROJECT_VERSION = 1;
				DEVELOPMENT_TEAM = C7WS7FG6DD;
				GENERATE_INFOPLIST_FILE = YES;
				IPHONEOS_DEPLOYMENT_TARGET = 15.0;
				LD_RUNPATH_SEARCH_PATHS = (
					"$(inherited)",
					"@executable_path/Frameworks",
					"@loader_path/Frameworks",
				);
				MARKETING_VERSION = 1.0;
				PRODUCT_BUNDLE_IDENTIFIER = "com.maryangel.quiz-appTests";
				PRODUCT_NAME = "$(TARGET_NAME)";
				SWIFT_EMIT_LOC_STRINGS = NO;
				SWIFT_VERSION = 5.0;
				TARGETED_DEVICE_FAMILY = "1,2";
				TEST_HOST = "$(BUILT_PRODUCTS_DIR)/quiz_app.app/quiz_app";
			};
			name = Debug;
		};
		5524ED9B282C5BCD0037BFD4 /* Release */ = {
			isa = XCBuildConfiguration;
			buildSettings = {
				ALWAYS_EMBED_SWIFT_STANDARD_LIBRARIES = YES;
				BUNDLE_LOADER = "$(TEST_HOST)";
				CODE_SIGN_STYLE = Automatic;
				CURRENT_PROJECT_VERSION = 1;
				DEVELOPMENT_TEAM = C7WS7FG6DD;
				GENERATE_INFOPLIST_FILE = YES;
				IPHONEOS_DEPLOYMENT_TARGET = 15.0;
				LD_RUNPATH_SEARCH_PATHS = (
					"$(inherited)",
					"@executable_path/Frameworks",
					"@loader_path/Frameworks",
				);
				MARKETING_VERSION = 1.0;
				PRODUCT_BUNDLE_IDENTIFIER = "com.maryangel.quiz-appTests";
				PRODUCT_NAME = "$(TARGET_NAME)";
				SWIFT_EMIT_LOC_STRINGS = NO;
				SWIFT_VERSION = 5.0;
				TARGETED_DEVICE_FAMILY = "1,2";
				TEST_HOST = "$(BUILT_PRODUCTS_DIR)/quiz_app.app/quiz_app";
			};
			name = Release;
		};
		5524ED9D282C5BCD0037BFD4 /* Debug */ = {
			isa = XCBuildConfiguration;
			buildSettings = {
				ALWAYS_EMBED_SWIFT_STANDARD_LIBRARIES = YES;
				CODE_SIGN_STYLE = Automatic;
				CURRENT_PROJECT_VERSION = 1;
				DEVELOPMENT_TEAM = C7WS7FG6DD;
				GENERATE_INFOPLIST_FILE = YES;
				LD_RUNPATH_SEARCH_PATHS = (
					"$(inherited)",
					"@executable_path/Frameworks",
					"@loader_path/Frameworks",
				);
				MARKETING_VERSION = 1.0;
				PRODUCT_BUNDLE_IDENTIFIER = "com.maryangel.quiz-appUITests";
				PRODUCT_NAME = "$(TARGET_NAME)";
				SWIFT_EMIT_LOC_STRINGS = NO;
				SWIFT_VERSION = 5.0;
				TARGETED_DEVICE_FAMILY = "1,2";
				TEST_TARGET_NAME = quiz_app;
			};
			name = Debug;
		};
		5524ED9E282C5BCD0037BFD4 /* Release */ = {
			isa = XCBuildConfiguration;
			buildSettings = {
				ALWAYS_EMBED_SWIFT_STANDARD_LIBRARIES = YES;
				CODE_SIGN_STYLE = Automatic;
				CURRENT_PROJECT_VERSION = 1;
				DEVELOPMENT_TEAM = C7WS7FG6DD;
				GENERATE_INFOPLIST_FILE = YES;
				LD_RUNPATH_SEARCH_PATHS = (
					"$(inherited)",
					"@executable_path/Frameworks",
					"@loader_path/Frameworks",
				);
				MARKETING_VERSION = 1.0;
				PRODUCT_BUNDLE_IDENTIFIER = "com.maryangel.quiz-appUITests";
				PRODUCT_NAME = "$(TARGET_NAME)";
				SWIFT_EMIT_LOC_STRINGS = NO;
				SWIFT_VERSION = 5.0;
				TARGETED_DEVICE_FAMILY = "1,2";
				TEST_TARGET_NAME = quiz_app;
			};
			name = Release;
		};
/* End XCBuildConfiguration section */

/* Begin XCConfigurationList section */
		5524ED67282C5BC80037BFD4 /* Build configuration list for PBXProject "quiz_app" */ = {
			isa = XCConfigurationList;
			buildConfigurations = (
				5524ED94282C5BCD0037BFD4 /* Debug */,
				5524ED95282C5BCD0037BFD4 /* Release */,
			);
			defaultConfigurationIsVisible = 0;
			defaultConfigurationName = Release;
		};
		5524ED96282C5BCD0037BFD4 /* Build configuration list for PBXNativeTarget "quiz_app" */ = {
			isa = XCConfigurationList;
			buildConfigurations = (
				5524ED97282C5BCD0037BFD4 /* Debug */,
				5524ED98282C5BCD0037BFD4 /* Release */,
			);
			defaultConfigurationIsVisible = 0;
			defaultConfigurationName = Release;
		};
		5524ED99282C5BCD0037BFD4 /* Build configuration list for PBXNativeTarget "quiz_appTests" */ = {
			isa = XCConfigurationList;
			buildConfigurations = (
				5524ED9A282C5BCD0037BFD4 /* Debug */,
				5524ED9B282C5BCD0037BFD4 /* Release */,
			);
			defaultConfigurationIsVisible = 0;
			defaultConfigurationName = Release;
		};
		5524ED9C282C5BCD0037BFD4 /* Build configuration list for PBXNativeTarget "quiz_appUITests" */ = {
			isa = XCConfigurationList;
			buildConfigurations = (
				5524ED9D282C5BCD0037BFD4 /* Debug */,
				5524ED9E282C5BCD0037BFD4 /* Release */,
			);
			defaultConfigurationIsVisible = 0;
			defaultConfigurationName = Release;
		};
/* End XCConfigurationList section */
	};
	rootObject = 5524ED64282C5BC80037BFD4 /* Project object */;
}
